
Microsoft Visual Studio Solution File, Format Version 12.00
# Visual Studio Version 16
VisualStudioVersion = 16.0.29613.14
MinimumVisualStudioVersion = 10.0.40219.1
Project("{9A19103F-16F7-4668-BE54-9A1E7A4F7556}") = "BlazorWebAssem", "BlazorWebAssem\BlazorWebAssem.csproj", "{4DF4A44F-2B46-420E-90B0-3C0C5F6BB5ED}"
EndProject
Project("{2150E333-8FDC-42A3-9474-1A3956D46DE8}") = "Solution Items", "Solution Items", "{6B5425F2-BEC9-4507-ADC4-F82140D7D69A}"
	ProjectSection(SolutionItems) = preProject
		State.cs = State.cs
	EndProjectSection
EndProject
Global
	GlobalSection(SolutionConfigurationPlatforms) = preSolution
		Debug|Any CPU = Debug|Any CPU
		Release|Any CPU = Release|Any CPU
	EndGlobalSection
	GlobalSection(ProjectConfigurationPlatforms) = postSolution
		{4DF4A44F-2B46-420E-90B0-3C0C5F6BB5ED}.Debug|Any CPU.ActiveCfg = Debug|Any CPU
		{4DF4A44F-2B46-420E-90B0-3C0C5F6BB5ED}.Debug|Any CPU.Build.0 = Debug|Any CPU
		{4DF4A44F-2B46-420E-90B0-3C0C5F6BB5ED}.Release|Any CPU.ActiveCfg = Release|Any CPU
		{4DF4A44F-2B46-420E-90B0-3C0C5F6BB5ED}.Release|Any CPU.Build.0 = Release|Any CPU
	EndGlobalSection
	GlobalSection(SolutionProperties) = preSolution
		HideSolutionNode = FALSE
	EndGlobalSection
	GlobalSection(ExtensibilityGlobals) = postSolution
		SolutionGuid = {FF9AC39F-7B10-4169-8DB4-54F51DC8F69F}
	EndGlobalSection
EndGlobal
