
Microsoft Visual Studio Solution File, Format Version 12.00
# Visual Studio Version 16
VisualStudioVersion = 16.0.29613.14
MinimumVisualStudioVersion = 10.0.40219.1
Project("{FAE04EC0-301F-11D3-BF4B-00C04F79EFBC}") = "SchoolTaskOrganizer.Server", "SchoolTaskOrganizer\Server\SchoolTaskOrganizer.Server.csproj", "{FFED4B61-CC70-4B9A-9FD0-807F0705C8D3}"
EndProject
Project("{FAE04EC0-301F-11D3-BF4B-00C04F79EFBC}") = "SchoolTaskOrganizer.Client", "SchoolTaskOrganizer\Client\SchoolTaskOrganizer.Client.csproj", "{EF8105F4-4DD9-4617-B632-D64F7088CEB8}"
EndProject
Project("{FAE04EC0-301F-11D3-BF4B-00C04F79EFBC}") = "SchoolTaskOrganizer.Shared", "SchoolTaskOrganizer\Shared\SchoolTaskOrganizer.Shared.csproj", "{F2041DCD-3F57-49B5-B13D-53409D3623DC}"
EndProject
Global
	GlobalSection(SolutionConfigurationPlatforms) = preSolution
		Debug|Any CPU = Debug|Any CPU
		Release|Any CPU = Release|Any CPU
	EndGlobalSection
	GlobalSection(ProjectConfigurationPlatforms) = postSolution
		{FFED4B61-CC70-4B9A-9FD0-807F0705C8D3}.Debug|Any CPU.ActiveCfg = Debug|Any CPU
		{FFED4B61-CC70-4B9A-9FD0-807F0705C8D3}.Debug|Any CPU.Build.0 = Debug|Any CPU
		{FFED4B61-CC70-4B9A-9FD0-807F0705C8D3}.Release|Any CPU.ActiveCfg = Release|Any CPU
		{FFED4B61-CC70-4B9A-9FD0-807F0705C8D3}.Release|Any CPU.Build.0 = Release|Any CPU
		{EF8105F4-4DD9-4617-B632-D64F7088CEB8}.Debug|Any CPU.ActiveCfg = Debug|Any CPU
		{EF8105F4-4DD9-4617-B632-D64F7088CEB8}.Debug|Any CPU.Build.0 = Debug|Any CPU
		{EF8105F4-4DD9-4617-B632-D64F7088CEB8}.Release|Any CPU.ActiveCfg = Release|Any CPU
		{EF8105F4-4DD9-4617-B632-D64F7088CEB8}.Release|Any CPU.Build.0 = Release|Any CPU
		{F2041DCD-3F57-49B5-B13D-53409D3623DC}.Debug|Any CPU.ActiveCfg = Debug|Any CPU
		{F2041DCD-3F57-49B5-B13D-53409D3623DC}.Debug|Any CPU.Build.0 = Debug|Any CPU
		{F2041DCD-3F57-49B5-B13D-53409D3623DC}.Release|Any CPU.ActiveCfg = Release|Any CPU
		{F2041DCD-3F57-49B5-B13D-53409D3623DC}.Release|Any CPU.Build.0 = Release|Any CPU
	EndGlobalSection
	GlobalSection(SolutionProperties) = preSolution
		HideSolutionNode = FALSE
	EndGlobalSection
	GlobalSection(ExtensibilityGlobals) = postSolution
		SolutionGuid = {3D326942-9C75-405D-A6D5-CE93E8D00636}
	EndGlobalSection
EndGlobal
